
Microsoft Visual Studio Solution File, Format Version 12.00
# Visual Studio Version 17
VisualStudioVersion = 17.10.35013.160
MinimumVisualStudioVersion = 10.0.40219.1
Project("{FAE04EC0-301F-11D3-BF4B-00C04F79EFBC}") = "Lecture_2_SignalRUserSpecificChat", "Lecture_2_SignalRUserSpecificChat.csproj", "{1C113D08-F6F6-4EEF-8D08-43DB422DE1DB}"
EndProject
Global
	GlobalSection(SolutionConfigurationPlatforms) = preSolution
		Debug|Any CPU = Debug|Any CPU
		Release|Any CPU = Release|Any CPU
	EndGlobalSection
	GlobalSection(ProjectConfigurationPlatforms) = postSolution
		{1C113D08-F6F6-4EEF-8D08-43DB422DE1DB}.Debug|Any CPU.ActiveCfg = Debug|Any CPU
		{1C113D08-F6F6-4EEF-8D08-43DB422DE1DB}.Debug|Any CPU.Build.0 = Debug|Any CPU
		{1C113D08-F6F6-4EEF-8D08-43DB422DE1DB}.Release|Any CPU.ActiveCfg = Release|Any CPU
		{1C113D08-F6F6-4EEF-8D08-43DB422DE1DB}.Release|Any CPU.Build.0 = Release|Any CPU
	EndGlobalSection
	GlobalSection(SolutionProperties) = preSolution
		HideSolutionNode = FALSE
	EndGlobalSection
	GlobalSection(ExtensibilityGlobals) = postSolution
		SolutionGuid = {FB27C23B-40A4-4229-9835-DD8583750536}
	EndGlobalSection
EndGlobal
